<?xml version="1.0" encoding="utf-8"?>
<Project ToolsVersion="4.0" xmlns="http://schemas.microsoft.com/developer/msbuild/2003">
  <ItemGroup>
    <Filter Include="Source Files">
      <UniqueIdentifier>{4FC737F1-C7A5-4376-A066-2A32D752A2FF}</UniqueIdentifier>
      <Extensions>cpp;c;cc;cxx;def;odl;idl;hpj;bat;asm;asmx</Extensions>
    </Filter>
    <Filter Include="Header Files">
      <UniqueIdentifier>{93995380-89BD-4b04-88EB-625FBE52EBFB}</UniqueIdentifier>
      <Extensions>h;hpp;hxx;hm;inl;inc;xsd</Extensions>
    </Filter>
    <Filter Include="Driver Files">
      <UniqueIdentifier>{8E41214B-6785-4CFE-B992-037D68949A14}</UniqueIdentifier>
      <Extensions>inf;inv;inx;mof;mc;</Extensions>
    </Filter>
    <Filter Include="Header Files\Processor">
      <UniqueIdentifier>{15ffecb9-9574-4b94-a4ff-b7256e851525}</UniqueIdentifier>
    </Filter>
    <Filter Include="Source Files\Processor">
      <UniqueIdentifier>{e25f9e20-0289-4a6b-b0b0-a7cf3d316846}</UniqueIdentifier>
    </Filter>
    <Filter Include="Header Files\Driver Module">
      <UniqueIdentifier>{eefded73-d8a6-4104-bf78-06e672a28d72}</UniqueIdentifier>
    </Filter>
    <Filter Include="Source Files\Driver Module">
      <UniqueIdentifier>{31d501a1-0bc9-4503-aea4-49667d23b4f4}</UniqueIdentifier>
    </Filter>
    <Filter Include="Header Files\Kernel">
      <UniqueIdentifier>{55cde3d3-9c7a-4fe0-a783-139d854d7444}</UniqueIdentifier>
    </Filter>
    <Filter Include="Source Files\Kernel">
      <UniqueIdentifier>{8bd1cc9d-a296-479d-9349-404475b5471b}</UniqueIdentifier>
    </Filter>
    <Filter Include="Source Files\Kernel\Callback">
      <UniqueIdentifier>{ae020bc1-d84d-4db0-8ff4-1ca6001a59aa}</UniqueIdentifier>
    </Filter>
    <Filter Include="Header Files\Kernel\Callback">
      <UniqueIdentifier>{bacf390a-961d-4f75-a1bf-aae2d4473b9b}</UniqueIdentifier>
    </Filter>
    <Filter Include="Source Files\Driver">
      <UniqueIdentifier>{e7f288d7-742e-4999-869e-e204d6201d40}</UniqueIdentifier>
    </Filter>
    <Filter Include="Header Files\Driver">
      <UniqueIdentifier>{24437e8a-f6b1-40e8-a1fe-776edaf32acd}</UniqueIdentifier>
    </Filter>
    <Filter Include="Header Files\Ring0 HOOK">
      <UniqueIdentifier>{a231b651-1212-41b2-96df-327365e51921}</UniqueIdentifier>
    </Filter>
    <Filter Include="Source Files\Ring0 HOOK">
      <UniqueIdentifier>{b99ee397-531c-4c40-995c-751cb8a657ef}</UniqueIdentifier>
    </Filter>
    <Filter Include="Header Files\Ring3Hook">
      <UniqueIdentifier>{08a9419b-e9a5-40c8-94be-534ab2f68a54}</UniqueIdentifier>
    </Filter>
    <Filter Include="Source Files\Ring3Hook">
      <UniqueIdentifier>{c7309126-bbaf-4977-b02e-fef75647eadb}</UniqueIdentifier>
    </Filter>
    <Filter Include="Source Files\NetWork">
      <UniqueIdentifier>{071e070b-ba02-4c6c-aabe-4abb8e934526}</UniqueIdentifier>
    </Filter>
    <Filter Include="Header Files\NetWork">
      <UniqueIdentifier>{ca05ed34-e47b-4b29-b90b-a3e0c1eb9c0d}</UniqueIdentifier>
    </Filter>
  </ItemGroup>
  <ItemGroup>
    <None Include="ReadMe.txt" />
  </ItemGroup>
  <ItemGroup>
    <Inf Include="SystemTest.inf">
      <Filter>Driver Files</Filter>
    </Inf>
  </ItemGroup>
  <ItemGroup>
    <ClInclude Include="Procssor\processor.h">
      <Filter>Header Files\Processor</Filter>
    </ClInclude>
    <ClInclude Include="Driver\defination.h">
      <Filter>Header Files\Driver</Filter>
    </ClInclude>
    <ClInclude Include="Driver\Device.h">
      <Filter>Header Files\Driver</Filter>
    </ClInclude>
    <ClInclude Include="Driver\Driver.h">
      <Filter>Header Files\Driver</Filter>
    </ClInclude>
    <ClInclude Include="Driver\func.h">
      <Filter>Header Files\Driver</Filter>
    </ClInclude>
    <ClInclude Include="Driver\Queue.h">
      <Filter>Header Files\Driver</Filter>
    </ClInclude>
    <ClInclude Include="ioctl.h">
      <Filter>Header Files\Driver</Filter>
    </ClInclude>
    <ClInclude Include="Public.h">
      <Filter>Header Files\Driver</Filter>
    </ClInclude>
    <ClInclude Include="Trace.h">
      <Filter>Header Files\Driver</Filter>
    </ClInclude>
    <ClInclude Include="DriverModule\module.h">
      <Filter>Header Files\Driver Module</Filter>
    </ClInclude>
    <ClInclude Include="Kernel\Callback\callback.h">
      <Filter>Header Files\Kernel\Callback</Filter>
    </ClInclude>
    <ClInclude Include="Kernel\Filter.h">
      <Filter>Header Files\Kernel</Filter>
    </ClInclude>
    <ClInclude Include="Kernel\DPCTimer.h">
      <Filter>Header Files\Kernel</Filter>
    </ClInclude>
    <ClInclude Include="Kernel\GDTABLE.h">
      <Filter>Header Files\Kernel</Filter>
    </ClInclude>
    <ClInclude Include="Ring0Hook\SSDTHook.h">
      <Filter>Header Files\Ring0 HOOK</Filter>
    </ClInclude>
    <ClInclude Include="Ring0Hook\FSDHOOK.h">
      <Filter>Header Files\Ring0 HOOK</Filter>
    </ClInclude>
    <ClInclude Include="Ring0Hook\KeybroadHook.h">
      <Filter>Header Files\Ring0 HOOK</Filter>
    </ClInclude>
    <ClInclude Include="Ring0Hook\MouseHook.h">
      <Filter>Header Files\Ring0 HOOK</Filter>
    </ClInclude>
    <ClInclude Include="Ring0Hook\AcpiHook.h">
      <Filter>Header Files\Ring0 HOOK</Filter>
    </ClInclude>
    <ClInclude Include="Ring0Hook\AtapiHook.h">
      <Filter>Header Files\Ring0 HOOK</Filter>
    </ClInclude>
    <ClInclude Include="Ring0Hook\DiskHook.h">
      <Filter>Header Files\Ring0 HOOK</Filter>
    </ClInclude>
    <ClInclude Include="Ring0Hook\I8042prtHook.h">
      <Filter>Header Files\Ring0 HOOK</Filter>
    </ClInclude>
    <ClInclude Include="Ring0Hook\PartmgrHook.h">
      <Filter>Header Files\Ring0 HOOK</Filter>
    </ClInclude>
    <ClInclude Include="Ring0Hook\ScsiHook.h">
      <Filter>Header Files\Ring0 HOOK</Filter>
    </ClInclude>
    <ClInclude Include="Ring0Hook\IDTABLE.h">
      <Filter>Header Files\Ring0 HOOK</Filter>
    </ClInclude>
    <ClInclude Include="Ring3Hook\MsgHook.h">
      <Filter>Header Files\Ring3Hook</Filter>
    </ClInclude>
    <ClInclude Include="NetWork\Tcpip.h">
      <Filter>Header Files\NetWork</Filter>
    </ClInclude>
    <ClInclude Include="NetWork\nsiproxy.h">
      <Filter>Header Files\NetWork</Filter>
    </ClInclude>
    <ClInclude Include="NetWork\Tdx.h">
      <Filter>Header Files\NetWork</Filter>
    </ClInclude>
    <ClInclude Include="Kernel\allacpi.h">
      <Filter>Header Files\Kernel</Filter>
    </ClInclude>
  </ItemGroup>
  <ItemGroup>
    <ClCompile Include="Procssor\processor.c">
      <Filter>Source Files\Processor</Filter>
    </ClCompile>
    <ClCompile Include="Driver\Device.c">
      <Filter>Source Files\Driver</Filter>
    </ClCompile>
    <ClCompile Include="Driver\Driver.c">
      <Filter>Source Files\Driver</Filter>
    </ClCompile>
    <ClCompile Include="Driver\func.c">
      <Filter>Source Files\Driver</Filter>
    </ClCompile>
    <ClCompile Include="Driver\Queue.c">
      <Filter>Source Files\Driver</Filter>
    </ClCompile>
    <ClCompile Include="DriverModule\module.c">
      <Filter>Source Files\Driver Module</Filter>
    </ClCompile>
    <ClCompile Include="Kernel\Callback\callback.c">
      <Filter>Source Files\Kernel\Callback</Filter>
    </ClCompile>
    <ClCompile Include="Kernel\Filter.c">
      <Filter>Source Files\Kernel</Filter>
    </ClCompile>
    <ClCompile Include="Kernel\GDTABLE.c">
      <Filter>Source Files\Kernel</Filter>
    </ClCompile>
    <ClCompile Include="Ring0Hook\SSDTHOOK.c">
      <Filter>Source Files\Ring0 HOOK</Filter>
    </ClCompile>
    <ClCompile Include="Ring0Hook\FSDHOOK.c">
      <Filter>Source Files\Ring0 HOOK</Filter>
    </ClCompile>
    <ClCompile Include="Ring0Hook\KeybroadHook.c">
      <Filter>Source Files\Ring0 HOOK</Filter>
    </ClCompile>
    <ClCompile Include="Ring0Hook\MouseHook.c">
      <Filter>Source Files\Ring0 HOOK</Filter>
    </ClCompile>
    <ClCompile Include="Ring0Hook\AcpiHook.c">
      <Filter>Source Files\Ring0 HOOK</Filter>
    </ClCompile>
    <ClCompile Include="Ring0Hook\AtapiHook.c">
      <Filter>Source Files\Ring0 HOOK</Filter>
    </ClCompile>
    <ClCompile Include="Ring0Hook\DiskHook.c">
      <Filter>Source Files\Ring0 HOOK</Filter>
    </ClCompile>
    <ClCompile Include="Ring0Hook\I8042prtHook.c">
      <Filter>Source Files\Ring0 HOOK</Filter>
    </ClCompile>
    <ClCompile Include="Ring0Hook\PartmgrHook.c">
      <Filter>Source Files\Ring0 HOOK</Filter>
    </ClCompile>
    <ClCompile Include="Ring0Hook\ScsiHook.c">
      <Filter>Source Files\Ring0 HOOK</Filter>
    </ClCompile>
    <ClCompile Include="Ring0Hook\IDTABLE.c">
      <Filter>Source Files\Ring0 HOOK</Filter>
    </ClCompile>
    <ClCompile Include="Ring3Hook\MsgHook.c">
      <Filter>Source Files\Ring3Hook</Filter>
    </ClCompile>
    <ClCompile Include="Kernel\DPCTimer.c">
      <Filter>Source Files\Kernel\Callback</Filter>
    </ClCompile>
    <ClCompile Include="NetWork\Tcpip.c">
      <Filter>Source Files\NetWork</Filter>
    </ClCompile>
    <ClCompile Include="NetWork\nsiproxy.c">
      <Filter>Source Files\NetWork</Filter>
    </ClCompile>
    <ClCompile Include="NetWork\Tdx.c">
      <Filter>Source Files\NetWork</Filter>
    </ClCompile>
    <ClCompile Include="Kernel\allacpi.c">
      <Filter>Source Files\Kernel</Filter>
    </ClCompile>
  </ItemGroup>
</Project>