
Microsoft Visual Studio Solution File, Format Version 12.00
# Visual Studio 15
VisualStudioVersion = 15.0.27703.2018
MinimumVisualStudioVersion = 10.0.40219.1
Project("{8BC9CEB8-8B4A-11D0-8D11-00A0C91BC942}") = "SV-SoftWare", "SV-SoftWare\SV-SoftWare.vcxproj", "{B89DCBA6-46E7-43B3-B163-42072162BB33}"
EndProject
Project("{8BC9CEB8-8B4A-11D0-8D11-00A0C91BC942}") = "TestSoftware", "TestSoftware\TestSoftware.vcxproj", "{EC5245E5-6B2C-45D8-8E17-8890B5C01063}"
EndProject
Global
	GlobalSection(SolutionConfigurationPlatforms) = preSolution
		Debug|x64 = Debug|x64
		Debug|x86 = Debug|x86
		Release|x64 = Release|x64
		Release|x86 = Release|x86
	EndGlobalSection
	GlobalSection(ProjectConfigurationPlatforms) = postSolution
		{B89DCBA6-46E7-43B3-B163-42072162BB33}.Debug|x64.ActiveCfg = Debug|x64
		{B89DCBA6-46E7-43B3-B163-42072162BB33}.Debug|x64.Build.0 = Debug|x64
		{B89DCBA6-46E7-43B3-B163-42072162BB33}.Debug|x86.ActiveCfg = Debug|Win32
		{B89DCBA6-46E7-43B3-B163-42072162BB33}.Debug|x86.Build.0 = Debug|Win32
		{B89DCBA6-46E7-43B3-B163-42072162BB33}.Release|x64.ActiveCfg = Release|x64
		{B89DCBA6-46E7-43B3-B163-42072162BB33}.Release|x64.Build.0 = Release|x64
		{B89DCBA6-46E7-43B3-B163-42072162BB33}.Release|x86.ActiveCfg = Release|Win32
		{B89DCBA6-46E7-43B3-B163-42072162BB33}.Release|x86.Build.0 = Release|Win32
		{EC5245E5-6B2C-45D8-8E17-8890B5C01063}.Debug|x64.ActiveCfg = Debug|x64
		{EC5245E5-6B2C-45D8-8E17-8890B5C01063}.Debug|x64.Build.0 = Debug|x64
		{EC5245E5-6B2C-45D8-8E17-8890B5C01063}.Debug|x86.ActiveCfg = Debug|Win32
		{EC5245E5-6B2C-45D8-8E17-8890B5C01063}.Debug|x86.Build.0 = Debug|Win32
		{EC5245E5-6B2C-45D8-8E17-8890B5C01063}.Release|x64.ActiveCfg = Release|x64
		{EC5245E5-6B2C-45D8-8E17-8890B5C01063}.Release|x64.Build.0 = Release|x64
		{EC5245E5-6B2C-45D8-8E17-8890B5C01063}.Release|x86.ActiveCfg = Release|Win32
		{EC5245E5-6B2C-45D8-8E17-8890B5C01063}.Release|x86.Build.0 = Release|Win32
	EndGlobalSection
	GlobalSection(SolutionProperties) = preSolution
		HideSolutionNode = FALSE
	EndGlobalSection
	GlobalSection(ExtensibilityGlobals) = postSolution
		SolutionGuid = {A220A6E6-F564-405D-96E3-D8EFB1C09B4B}
	EndGlobalSection
EndGlobal
