<?xml version="1.0" encoding="utf-8"?>
<Project ToolsVersion="4.0" xmlns="http://schemas.microsoft.com/developer/msbuild/2003">
  <ItemGroup>
    <Filter Include="头文件">
      <UniqueIdentifier>{93995380-89BD-4b04-88EB-625FBE52EBFB}</UniqueIdentifier>
      <Extensions>h;hh;hpp;hxx;h++;hm;inl;inc;ipp;xsd</Extensions>
    </Filter>
    <Filter Include="UI">
      <UniqueIdentifier>{e1158f2e-63c5-4d3a-8b0c-c803b78d1e80}</UniqueIdentifier>
    </Filter>
    <Filter Include="res">
      <UniqueIdentifier>{67DA6AB6-F800-4c08-8B7A-83BB121AAD01}</UniqueIdentifier>
      <Extensions>rc;ico;cur;bmp;dlg;rc2;rct;bin;rgs;gif;jpg;jpeg;jpe;resx;tiff;tif;png;wav;mfcribbon-ms</Extensions>
    </Filter>
    <Filter Include="源文件">
      <UniqueIdentifier>{4FC737F1-C7A5-4376-A066-2A32D752A2FF}</UniqueIdentifier>
      <Extensions>cpp;c;cc;cxx;c++;cppm;ixx;def;odl;idl;hpj;bat;asm;asmx</Extensions>
    </Filter>
    <Filter Include="UI\HardwareWrapper">
      <UniqueIdentifier>{ba7df9c8-7cad-406f-96dd-d32adb6ff8df}</UniqueIdentifier>
    </Filter>
  </ItemGroup>
  <ItemGroup>
    <ClInclude Include="targetver.h">
      <Filter>头文件</Filter>
    </ClInclude>
    <ClInclude Include="UI\Source\Hardware.h">
      <Filter>UI</Filter>
    </ClInclude>
    <ClInclude Include="UI\Source\HardwarePartialClasses.h">
      <Filter>UI</Filter>
    </ClInclude>
    <ClInclude Include="UI\Source\HardwareReflection.h">
      <Filter>UI</Filter>
    </ClInclude>
    <ClInclude Include="HardwareWrapper.h">
      <Filter>UI\HardwareWrapper</Filter>
    </ClInclude>
    <ClInclude Include="framework.hpp">
      <Filter>头文件</Filter>
    </ClInclude>
  </ItemGroup>
  <ItemGroup>
    <ClCompile Include="HardwareUI.cpp">
      <Filter>源文件</Filter>
    </ClCompile>
    <ClCompile Include="UI\Source\HardwarePartialClasses.cpp">
      <Filter>UI</Filter>
    </ClCompile>
    <ClCompile Include="UI\Source\HardwareReflection.cpp">
      <Filter>UI</Filter>
    </ClCompile>
    <ClCompile Include="HardwareWrapper.cpp">
      <Filter>UI\HardwareWrapper</Filter>
    </ClCompile>
    <ClCompile Include="framework.cpp">
      <Filter>源文件</Filter>
    </ClCompile>
  </ItemGroup>
  <ItemGroup>
    <Xml Include="Res\MainWindow.xml">
      <Filter>res</Filter>
    </Xml>
  </ItemGroup>
  <ItemGroup>
    <Image Include="Res\HardwareUI.ico">
      <Filter>res</Filter>
    </Image>
  </ItemGroup>
</Project>