<?xml version="1.0" encoding="utf-8"?>
<Project xmlns="http://schemas.microsoft.com/developer/msbuild/2003">
  <ItemGroup>
    <Filter Include="Form Files">
      <UniqueIdentifier>{99349809-55BA-4b9d-BF79-8FDBB0286EB3}</UniqueIdentifier>
      <Extensions>ui</Extensions>
      <ParseFiles>false</ParseFiles>
    </Filter>
    <Filter Include="Form Files">
      <UniqueIdentifier>{99349809-55BA-4b9d-BF79-8FDBB0286EB3}</UniqueIdentifier>
      <Extensions>ui</Extensions>
      <ParseFiles>false</ParseFiles>
    </Filter>
    <Filter Include="Generated Files">
      <UniqueIdentifier>{71ED8ED8-ACB9-4CE9-BBE1-E00B30144E11}</UniqueIdentifier>
      <Extensions>cpp;c;cxx;moc;h;def;odl;idl;res;</Extensions>
    </Filter>
    <Filter Include="Generated Files">
      <UniqueIdentifier>{71ED8ED8-ACB9-4CE9-BBE1-E00B30144E11}</UniqueIdentifier>
      <Extensions>cpp;c;cxx;moc;h;def;odl;idl;res;</Extensions>
    </Filter>
    <Filter Include="Header Files">
      <UniqueIdentifier>{93995380-89BD-4b04-88EB-625FBE52EBFB}</UniqueIdentifier>
      <Extensions>h;hpp;hxx;hm;inl;inc;xsd</Extensions>
    </Filter>
    <Filter Include="Header Files">
      <UniqueIdentifier>{93995380-89BD-4b04-88EB-625FBE52EBFB}</UniqueIdentifier>
      <Extensions>h;hpp;hxx;hm;inl;inc;xsd</Extensions>
    </Filter>
    <Filter Include="Resource Files">
      <UniqueIdentifier>{D9D6E242-F8AF-46E4-B9FD-80ECBC20BA3E}</UniqueIdentifier>
      <Extensions>qrc;*</Extensions>
      <ParseFiles>false</ParseFiles>
    </Filter>
    <Filter Include="Resource Files">
      <UniqueIdentifier>{D9D6E242-F8AF-46E4-B9FD-80ECBC20BA3E}</UniqueIdentifier>
      <Extensions>qrc;*</Extensions>
      <ParseFiles>false</ParseFiles>
    </Filter>
    <Filter Include="Source Files">
      <UniqueIdentifier>{4FC737F1-C7A5-4376-A066-2A32D752A2FF}</UniqueIdentifier>
      <Extensions>cpp;c;cxx;def;odl;idl;hpj;bat;asm;asmx</Extensions>
    </Filter>
    <Filter Include="Source Files">
      <UniqueIdentifier>{4FC737F1-C7A5-4376-A066-2A32D752A2FF}</UniqueIdentifier>
      <Extensions>cpp;c;cxx;def;odl;idl;hpj;bat;asm;asmx</Extensions>
    </Filter>
  </ItemGroup>
  <ItemGroup>
    <ClCompile Include="appinit.cpp">
      <Filter>Source Files</Filter>
    </ClCompile>
    <ClCompile Include="main.cpp">
      <Filter>Source Files</Filter>
    </ClCompile>
    <ClCompile Include="sv_assistant_basic_window.cpp">
      <Filter>Source Files</Filter>
    </ClCompile>
    <ClCompile Include="closebutton.cpp">
      <Filter>Source Files</Filter>
    </ClCompile>
    <ClCompile Include="CPUHardwareWidget.cpp">
      <Filter>Source Files</Filter>
    </ClCompile>
    <ClCompile Include="DiskWidget.cpp">
      <Filter>Source Files</Filter>
    </ClCompile>
    <ClCompile Include="GPUWidget.cpp">
      <Filter>Source Files</Filter>
    </ClCompile>
    <ClCompile Include="hardwaretab.cpp">
      <Filter>Source Files</Filter>
    </ClCompile>
    <ClCompile Include="homewidget.cpp">
      <Filter>Source Files</Filter>
    </ClCompile>
    <ClCompile Include="mainctrlbutton.cpp">
      <Filter>Source Files</Filter>
    </ClCompile>
    <ClCompile Include="MemoryWidget.cpp">
      <Filter>Source Files</Filter>
    </ClCompile>
    <ClCompile Include="MonitorWidget.cpp">
      <Filter>Source Files</Filter>
    </ClCompile>
    <ClCompile Include="MotherBroadWidget.cpp">
      <Filter>Source Files</Filter>
    </ClCompile>
    <ClCompile Include="NetworkWidget.cpp">
      <Filter>Source Files</Filter>
    </ClCompile>
    <ClCompile Include="AudioWidget.cpp">
      <Filter>Source Files</Filter>
    </ClCompile>
    <ClCompile Include="usbtestbrowser.cpp">
      <Filter>Source Files</Filter>
    </ClCompile>
    <ClCompile Include="usbtreewidget.cpp">
      <Filter>Source Files</Filter>
    </ClCompile>
  </ItemGroup>
  <ItemGroup>
    <QtMoc Include="appinit.h">
      <Filter>Header Files</Filter>
    </QtMoc>
    <QtMoc Include="sv_assistant_basic_window.h">
      <Filter>Header Files</Filter>
    </QtMoc>
    <QtMoc Include="AudioWidget.h">
      <Filter>Header Files</Filter>
    </QtMoc>
    <QtMoc Include="closebutton.h">
      <Filter>Header Files</Filter>
    </QtMoc>
    <QtMoc Include="CPUHardwareWidget.h">
      <Filter>Header Files</Filter>
    </QtMoc>
    <QtMoc Include="DiskWidget.h">
      <Filter>Header Files</Filter>
    </QtMoc>
    <QtMoc Include="GPUWidget.h">
      <Filter>Header Files</Filter>
    </QtMoc>
    <QtMoc Include="hardwaretab.h">
      <Filter>Header Files</Filter>
    </QtMoc>
    <QtMoc Include="homewidget.h">
      <Filter>Header Files</Filter>
    </QtMoc>
    <QtMoc Include="mainctrlbutton.h">
      <Filter>Header Files</Filter>
    </QtMoc>
    <QtMoc Include="MemoryWidget.h">
      <Filter>Header Files</Filter>
    </QtMoc>
    <QtMoc Include="MonitorWidget.h">
      <Filter>Header Files</Filter>
    </QtMoc>
    <QtMoc Include="MotherBroadWidget.h">
      <Filter>Header Files</Filter>
    </QtMoc>
    <QtMoc Include="NetworkWidget.h">
      <Filter>Header Files</Filter>
    </QtMoc>
    <QtMoc Include="usbtestbrowser.h">
      <Filter>Header Files</Filter>
    </QtMoc>
    <QtMoc Include="usbtreewidget.h">
      <Filter>Header Files</Filter>
    </QtMoc>
  </ItemGroup>
  <ItemGroup>
    <CustomBuild Include="debug\moc_predefs.h.cbt">
      <Filter>Generated Files</Filter>
    </CustomBuild>
    <CustomBuild Include="release\moc_predefs.h.cbt">
      <Filter>Generated Files</Filter>
    </CustomBuild>
    <ClInclude Include="ui_sv_assistant_basic_window.h">
      <Filter>Generated Files</Filter>
    </ClInclude>
  </ItemGroup>
  <ItemGroup>
    <QtUic Include="sv_assistant_basic_window.ui">
      <Filter>Form Files</Filter>
    </QtUic>
  </ItemGroup>
  <ItemGroup>
    <None Include="Resource\Title\ZX.png">
      <Filter>Resource Files</Filter>
    </None>
    <None Include="Resource\menu\close.png">
      <Filter>Resource Files</Filter>
    </None>
    <None Include="Resource\Title\computer.png">
      <Filter>Resource Files</Filter>
    </None>
    <None Include="Resource\Title\gamebox.png">
      <Filter>Resource Files</Filter>
    </None>
    <None Include="Resource\Title\hardware-danger.png">
      <Filter>Resource Files</Filter>
    </None>
    <None Include="Resource\Title\hardware.png">
      <Filter>Resource Files</Filter>
    </None>
    <None Include="Resource\menu\minimize.png">
      <Filter>Resource Files</Filter>
    </None>
    <None Include="Resource\Title\panel.png">
      <Filter>Resource Files</Filter>
    </None>
    <None Include="Resource\menu\report.png">
      <Filter>Resource Files</Filter>
    </None>
    <QtRcc Include="Resource\resource.qrc">
      <Filter>Resource Files</Filter>
    </QtRcc>
    <None Include="Resource\Title\software-danger.png">
      <Filter>Resource Files</Filter>
    </None>
    <None Include="Resource\Title\software.png">
      <Filter>Resource Files</Filter>
    </None>
  </ItemGroup>
  <ItemGroup>
    <ClInclude Include="resource.h">
      <Filter>Generated Files</Filter>
    </ClInclude>
  </ItemGroup>
  <ItemGroup>
    <ResourceCompile Include="SV-Assistant-Basically.rc" />
  </ItemGroup>
</Project>