<?xml version="1.0" encoding="utf-8"?>
<Project ToolsVersion="4.0" xmlns="http://schemas.microsoft.com/developer/msbuild/2003">
  <ItemGroup>
    <Filter Include="源文件">
      <UniqueIdentifier>{4FC737F1-C7A5-4376-A066-2A32D752A2FF}</UniqueIdentifier>
      <Extensions>cpp;c;cc;cxx;def;odl;idl;hpj;bat;asm;asmx</Extensions>
    </Filter>
    <Filter Include="头文件">
      <UniqueIdentifier>{93995380-89BD-4b04-88EB-625FBE52EBFB}</UniqueIdentifier>
      <Extensions>h;hh;hpp;hxx;hm;inl;inc;xsd</Extensions>
    </Filter>
    <Filter Include="资源文件">
      <UniqueIdentifier>{67DA6AB6-F800-4c08-8B7A-83BB121AAD01}</UniqueIdentifier>
      <Extensions>rc;ico;cur;bmp;dlg;rc2;rct;bin;rgs;gif;jpg;jpeg;jpe;resx;tiff;tif;png;wav;mfcribbon-ms</Extensions>
    </Filter>
    <Filter Include="头文件\WMI">
      <UniqueIdentifier>{56772095-c1b8-4343-8859-d7523325d4c6}</UniqueIdentifier>
    </Filter>
    <Filter Include="头文件\CPU">
      <UniqueIdentifier>{2ed5c83c-23cd-4914-9a09-63ba91470463}</UniqueIdentifier>
    </Filter>
    <Filter Include="源文件\CPU">
      <UniqueIdentifier>{f5307d8b-8d0e-4230-8847-1a69fcd7ffd4}</UniqueIdentifier>
    </Filter>
    <Filter Include="源文件\WMI">
      <UniqueIdentifier>{02aa0594-9c98-4f90-86e2-53ac840c3d1e}</UniqueIdentifier>
    </Filter>
  </ItemGroup>
  <ItemGroup>
    <Text Include="ReadMe.txt" />
  </ItemGroup>
  <ItemGroup>
    <ClInclude Include="stdafx.h">
      <Filter>头文件</Filter>
    </ClInclude>
    <ClInclude Include="targetver.h">
      <Filter>头文件</Filter>
    </ClInclude>
    <ClInclude Include="CPU.h">
      <Filter>头文件</Filter>
    </ClInclude>
    <ClInclude Include="CPU\CPUIDinfo.h">
      <Filter>头文件\CPU</Filter>
    </ClInclude>
    <ClInclude Include="CPU\definition.h">
      <Filter>头文件\CPU</Filter>
    </ClInclude>
    <ClInclude Include="WMI\SynQuery.h">
      <Filter>头文件\WMI</Filter>
    </ClInclude>
    <ClInclude Include="WMI\SynQueryData.h">
      <Filter>头文件\WMI</Filter>
    </ClInclude>
    <ClInclude Include="WMI\WMI.h">
      <Filter>头文件\WMI</Filter>
    </ClInclude>
    <ClInclude Include="WMI\WMIExtern.h">
      <Filter>头文件\WMI</Filter>
    </ClInclude>
    <ClInclude Include="CPU\CPUIDForAMD.h">
      <Filter>头文件\CPU</Filter>
    </ClInclude>
    <ClInclude Include="CPU\CPUIDForIntel.h">
      <Filter>头文件\CPU</Filter>
    </ClInclude>
  </ItemGroup>
  <ItemGroup>
    <ClCompile Include="stdafx.cpp">
      <Filter>源文件</Filter>
    </ClCompile>
    <ClCompile Include="CPU.cpp">
      <Filter>源文件</Filter>
    </ClCompile>
    <ClCompile Include="CPU\CPUIDInfo.cpp">
      <Filter>源文件\CPU</Filter>
    </ClCompile>
    <ClCompile Include="WMI\SynQuery.cpp">
      <Filter>源文件\WMI</Filter>
    </ClCompile>
    <ClCompile Include="WMI\SynQueryData.cpp">
      <Filter>源文件\WMI</Filter>
    </ClCompile>
    <ClCompile Include="CPU\definition.cpp">
      <Filter>源文件\CPU</Filter>
    </ClCompile>
    <ClCompile Include="CPU\CPUIDForAMD.cpp">
      <Filter>源文件\CPU</Filter>
    </ClCompile>
    <ClCompile Include="CPU\CPUIDForIntel.cpp">
      <Filter>源文件\CPU</Filter>
    </ClCompile>
    <ClCompile Include="WMI\WMI.cpp">
      <Filter>源文件\WMI</Filter>
    </ClCompile>
  </ItemGroup>
</Project>