
Microsoft Visual Studio Solution File, Format Version 12.00
# Visual Studio 15
VisualStudioVersion = 15.0.27703.2026
MinimumVisualStudioVersion = 10.0.40219.1
Project("{8BC9CEB8-8B4A-11D0-8D11-00A0C91BC942}") = "SystemInfo", "SystemInfo\SystemInfo.vcxproj", "{DC7A8BBB-9FDD-4749-A886-34772D8AB8D8}"
EndProject
Project("{8BC9CEB8-8B4A-11D0-8D11-00A0C91BC942}") = "ZhaoxinSoftware", "ZhaoxinSoftware\ZhaoxinSoftware.vcxproj", "{9313BE0A-5F7B-4043-B889-2B07FEC37832}"
EndProject
Global
	GlobalSection(SolutionConfigurationPlatforms) = preSolution
		Debug|ARM = Debug|ARM
		Debug|ARM64 = Debug|ARM64
		Debug|x64 = Debug|x64
		Debug|x86 = Debug|x86
		Release|ARM = Release|ARM
		Release|ARM64 = Release|ARM64
		Release|x64 = Release|x64
		Release|x86 = Release|x86
	EndGlobalSection
	GlobalSection(ProjectConfigurationPlatforms) = postSolution
		{DC7A8BBB-9FDD-4749-A886-34772D8AB8D8}.Debug|ARM.ActiveCfg = Debug|ARM
		{DC7A8BBB-9FDD-4749-A886-34772D8AB8D8}.Debug|ARM.Build.0 = Debug|ARM
		{DC7A8BBB-9FDD-4749-A886-34772D8AB8D8}.Debug|ARM.Deploy.0 = Debug|ARM
		{DC7A8BBB-9FDD-4749-A886-34772D8AB8D8}.Debug|ARM64.ActiveCfg = Debug|ARM64
		{DC7A8BBB-9FDD-4749-A886-34772D8AB8D8}.Debug|ARM64.Build.0 = Debug|ARM64
		{DC7A8BBB-9FDD-4749-A886-34772D8AB8D8}.Debug|ARM64.Deploy.0 = Debug|ARM64
		{DC7A8BBB-9FDD-4749-A886-34772D8AB8D8}.Debug|x64.ActiveCfg = Debug|x64
		{DC7A8BBB-9FDD-4749-A886-34772D8AB8D8}.Debug|x64.Build.0 = Debug|x64
		{DC7A8BBB-9FDD-4749-A886-34772D8AB8D8}.Debug|x64.Deploy.0 = Debug|x64
		{DC7A8BBB-9FDD-4749-A886-34772D8AB8D8}.Debug|x86.ActiveCfg = Debug|Win32
		{DC7A8BBB-9FDD-4749-A886-34772D8AB8D8}.Debug|x86.Build.0 = Debug|Win32
		{DC7A8BBB-9FDD-4749-A886-34772D8AB8D8}.Debug|x86.Deploy.0 = Debug|Win32
		{DC7A8BBB-9FDD-4749-A886-34772D8AB8D8}.Release|ARM.ActiveCfg = Release|ARM
		{DC7A8BBB-9FDD-4749-A886-34772D8AB8D8}.Release|ARM.Build.0 = Release|ARM
		{DC7A8BBB-9FDD-4749-A886-34772D8AB8D8}.Release|ARM.Deploy.0 = Release|ARM
		{DC7A8BBB-9FDD-4749-A886-34772D8AB8D8}.Release|ARM64.ActiveCfg = Release|ARM64
		{DC7A8BBB-9FDD-4749-A886-34772D8AB8D8}.Release|ARM64.Build.0 = Release|ARM64
		{DC7A8BBB-9FDD-4749-A886-34772D8AB8D8}.Release|ARM64.Deploy.0 = Release|ARM64
		{DC7A8BBB-9FDD-4749-A886-34772D8AB8D8}.Release|x64.ActiveCfg = Release|x64
		{DC7A8BBB-9FDD-4749-A886-34772D8AB8D8}.Release|x64.Build.0 = Release|x64
		{DC7A8BBB-9FDD-4749-A886-34772D8AB8D8}.Release|x64.Deploy.0 = Release|x64
		{DC7A8BBB-9FDD-4749-A886-34772D8AB8D8}.Release|x86.ActiveCfg = Release|Win32
		{DC7A8BBB-9FDD-4749-A886-34772D8AB8D8}.Release|x86.Build.0 = Release|Win32
		{DC7A8BBB-9FDD-4749-A886-34772D8AB8D8}.Release|x86.Deploy.0 = Release|Win32
		{9313BE0A-5F7B-4043-B889-2B07FEC37832}.Debug|ARM.ActiveCfg = Debug|Win32
		{9313BE0A-5F7B-4043-B889-2B07FEC37832}.Debug|ARM64.ActiveCfg = Debug|Win32
		{9313BE0A-5F7B-4043-B889-2B07FEC37832}.Debug|x64.ActiveCfg = Debug|x64
		{9313BE0A-5F7B-4043-B889-2B07FEC37832}.Debug|x64.Build.0 = Debug|x64
		{9313BE0A-5F7B-4043-B889-2B07FEC37832}.Debug|x86.ActiveCfg = Debug|Win32
		{9313BE0A-5F7B-4043-B889-2B07FEC37832}.Debug|x86.Build.0 = Debug|Win32
		{9313BE0A-5F7B-4043-B889-2B07FEC37832}.Release|ARM.ActiveCfg = Release|Win32
		{9313BE0A-5F7B-4043-B889-2B07FEC37832}.Release|ARM64.ActiveCfg = Release|Win32
		{9313BE0A-5F7B-4043-B889-2B07FEC37832}.Release|x64.ActiveCfg = Release|x64
		{9313BE0A-5F7B-4043-B889-2B07FEC37832}.Release|x64.Build.0 = Release|x64
		{9313BE0A-5F7B-4043-B889-2B07FEC37832}.Release|x86.ActiveCfg = Release|Win32
		{9313BE0A-5F7B-4043-B889-2B07FEC37832}.Release|x86.Build.0 = Release|Win32
	EndGlobalSection
	GlobalSection(SolutionProperties) = preSolution
		HideSolutionNode = FALSE
	EndGlobalSection
	GlobalSection(ExtensibilityGlobals) = postSolution
		SolutionGuid = {020DD2F3-227A-4EA3-B5CA-DAFF67542C06}
	EndGlobalSection
EndGlobal
